
Microsoft Visual Studio Solution File, Format Version 12.00
# Visual Studio Version 17
VisualStudioVersion = 17.2.32630.192
MinimumVisualStudioVersion = 10.0.40219.1
Project("{FAE04EC0-301F-11D3-BF4B-00C04F79EFBC}") = "LostArkLogger", "LostArkLogger\LostArkLogger.csproj", "{B0808A8B-3ADC-4BB1-8927-5BCB9A519131}"
EndProject
Project("{9A19103F-16F7-4668-BE54-9A1E7A4F7556}") = "AccessoryParser", "AccessoryParser\AccessoryParser.csproj", "{27082139-5A76-4F9B-A3C9-B75B9AD80FD0}"
EndProject
Project("{9A19103F-16F7-4668-BE54-9A1E7A4F7556}") = "AccessoryOptimizerLib", "AccessoryOptimizerLib\AccessoryOptimizerLib.csproj", "{EDBE2668-CB4C-4209-B26C-EF63438F2957}"
EndProject
Global
	GlobalSection(SolutionConfigurationPlatforms) = preSolution
		Debug|Any CPU = Debug|Any CPU
		Release|Any CPU = Release|Any CPU
	EndGlobalSection
	GlobalSection(ProjectConfigurationPlatforms) = postSolution
		{B0808A8B-3ADC-4BB1-8927-5BCB9A519131}.Debug|Any CPU.ActiveCfg = Debug|Any CPU
		{B0808A8B-3ADC-4BB1-8927-5BCB9A519131}.Debug|Any CPU.Build.0 = Debug|Any CPU
		{B0808A8B-3ADC-4BB1-8927-5BCB9A519131}.Release|Any CPU.ActiveCfg = Release|Any CPU
		{B0808A8B-3ADC-4BB1-8927-5BCB9A519131}.Release|Any CPU.Build.0 = Release|Any CPU
		{27082139-5A76-4F9B-A3C9-B75B9AD80FD0}.Debug|Any CPU.ActiveCfg = Debug|Any CPU
		{27082139-5A76-4F9B-A3C9-B75B9AD80FD0}.Debug|Any CPU.Build.0 = Debug|Any CPU
		{27082139-5A76-4F9B-A3C9-B75B9AD80FD0}.Release|Any CPU.ActiveCfg = Release|Any CPU
		{27082139-5A76-4F9B-A3C9-B75B9AD80FD0}.Release|Any CPU.Build.0 = Release|Any CPU
		{EDBE2668-CB4C-4209-B26C-EF63438F2957}.Debug|Any CPU.ActiveCfg = Debug|Any CPU
		{EDBE2668-CB4C-4209-B26C-EF63438F2957}.Debug|Any CPU.Build.0 = Debug|Any CPU
		{EDBE2668-CB4C-4209-B26C-EF63438F2957}.Release|Any CPU.ActiveCfg = Release|Any CPU
		{EDBE2668-CB4C-4209-B26C-EF63438F2957}.Release|Any CPU.Build.0 = Release|Any CPU
	EndGlobalSection
	GlobalSection(SolutionProperties) = preSolution
		HideSolutionNode = FALSE
	EndGlobalSection
	GlobalSection(ExtensibilityGlobals) = postSolution
		SolutionGuid = {A4B75FE5-2AFD-474A-91A1-F0EEE21687FC}
	EndGlobalSection
EndGlobal
